
Microsoft Visual Studio Solution File, Format Version 12.00
# Visual Studio Version 16
VisualStudioVersion = 16.0.31205.134
MinimumVisualStudioVersion = 10.0.40219.1
Project("{FAE04EC0-301F-11D3-BF4B-00C04F79EFBC}") = "VeggieProductsApp2", "VeggieProductsApp2\VeggieProductsApp2.csproj", "{87DEA520-5E31-4448-9B87-1B576DAF2FBD}"
EndProject
Global
	GlobalSection(SolutionConfigurationPlatforms) = preSolution
		Debug|Any CPU = Debug|Any CPU
		Release|Any CPU = Release|Any CPU
	EndGlobalSection
	GlobalSection(ProjectConfigurationPlatforms) = postSolution
		{87DEA520-5E31-4448-9B87-1B576DAF2FBD}.Debug|Any CPU.ActiveCfg = Debug|Any CPU
		{87DEA520-5E31-4448-9B87-1B576DAF2FBD}.Debug|Any CPU.Build.0 = Debug|Any CPU
		{87DEA520-5E31-4448-9B87-1B576DAF2FBD}.Release|Any CPU.ActiveCfg = Release|Any CPU
		{87DEA520-5E31-4448-9B87-1B576DAF2FBD}.Release|Any CPU.Build.0 = Release|Any CPU
	EndGlobalSection
	GlobalSection(SolutionProperties) = preSolution
		HideSolutionNode = FALSE
	EndGlobalSection
	GlobalSection(ExtensibilityGlobals) = postSolution
		SolutionGuid = {C30CE251-6C40-472B-817D-036099186188}
	EndGlobalSection
EndGlobal
